
Microsoft Visual Studio Solution File, Format Version 12.00
# Visual Studio Version 17
VisualStudioVersion = 17.9.34607.119
MinimumVisualStudioVersion = 10.0.40219.1
Project("{FAE04EC0-301F-11D3-BF4B-00C04F79EFBC}") = "WinFormsAppCombustible", "WinFormsAppCombustible\WinFormsAppCombustible.csproj", "{8CBF801B-01BD-449A-A7BA-D6E7F710DC93}"
EndProject
Global
	GlobalSection(SolutionConfigurationPlatforms) = preSolution
		Debug|Any CPU = Debug|Any CPU
		Release|Any CPU = Release|Any CPU
	EndGlobalSection
	GlobalSection(ProjectConfigurationPlatforms) = postSolution
		{8CBF801B-01BD-449A-A7BA-D6E7F710DC93}.Debug|Any CPU.ActiveCfg = Debug|Any CPU
		{8CBF801B-01BD-449A-A7BA-D6E7F710DC93}.Debug|Any CPU.Build.0 = Debug|Any CPU
		{8CBF801B-01BD-449A-A7BA-D6E7F710DC93}.Release|Any CPU.ActiveCfg = Release|Any CPU
		{8CBF801B-01BD-449A-A7BA-D6E7F710DC93}.Release|Any CPU.Build.0 = Release|Any CPU
	EndGlobalSection
	GlobalSection(SolutionProperties) = preSolution
		HideSolutionNode = FALSE
	EndGlobalSection
	GlobalSection(ExtensibilityGlobals) = postSolution
		SolutionGuid = {799CCC0B-3014-4643-80F2-364A3C580CD4}
	EndGlobalSection
EndGlobal
